// !$*UTF8*$!
{
	archiveVersion = 1;
	classes = {
	};
	objectVersion = 46;
	objects = {

/* Begin PBXBuildFile section */
		336CDE581B8BDE680046D6AB /* ReactiveCocoa.framework in Frameworks */ = {isa = PBXBuildFile; fileRef = 336CDE561B8BDE680046D6AB /* ReactiveCocoa.framework */; };
		33D9FF331B8BC72600A9CD4D /* MPXSelectionCore.framework in Frameworks */ = {isa = PBXBuildFile; fileRef = 33D9FF281B8BC72500A9CD4D /* MPXSelectionCore.framework */; };
		33D9FF381B8BC72600A9CD4D /* MPXSelectionManagerTests.m in Sources */ = {isa = PBXBuildFile; fileRef = 33D9FF371B8BC72600A9CD4D /* MPXSelectionManagerTests.m */; };
		33D9FF5F1B8BCD7C00A9CD4D /* MPXTextViewSelectionDecorator.h in Headers */ = {isa = PBXBuildFile; fileRef = 33D9FF591B8BCD7C00A9CD4D /* MPXTextViewSelectionDecorator.h */; settings = {ATTRIBUTES = (Public, ); }; };
		33D9FF601B8BCD7C00A9CD4D /* MPXTextViewSelectionDecorator.m in Sources */ = {isa = PBXBuildFile; fileRef = 33D9FF5A1B8BCD7C00A9CD4D /* MPXTextViewSelectionDecorator.m */; };
		33D9FF611B8BCD7C00A9CD4D /* MPXSelectionManager.h in Headers */ = {isa = PBXBuildFile; fileRef = 33D9FF5B1B8BCD7C00A9CD4D /* MPXSelectionManager.h */; settings = {ATTRIBUTES = (Public, ); }; };
		33D9FF621B8BCD7C00A9CD4D /* MPXSelectionManager.m in Sources */ = {isa = PBXBuildFile; fileRef = 33D9FF5C1B8BCD7C00A9CD4D /* MPXSelectionManager.m */; };
		33D9FF631B8BCD7C00A9CD4D /* MPXSelection.h in Headers */ = {isa = PBXBuildFile; fileRef = 33D9FF5D1B8BCD7C00A9CD4D /* MPXSelection.h */; settings = {ATTRIBUTES = (Public, ); }; };
		33D9FF641B8BCD7C00A9CD4D /* MPXSelection.m in Sources */ = {isa = PBXBuildFile; fileRef = 33D9FF5E1B8BCD7C00A9CD4D /* MPXSelection.m */; };
		33D9FF9A1B8BD16A00A9CD4D /* MPXSelectionCore.h in Headers */ = {isa = PBXBuildFile; fileRef = 33D9FF991B8BD16A00A9CD4D /* MPXSelectionCore.h */; settings = {ATTRIBUTES = (Public, ); }; };
		7D5C1235CC092E474924A045 /* Pods.framework in Frameworks */ = {isa = PBXBuildFile; fileRef = 548BCA5EDDFDA46746627663 /* Pods.framework */; settings = {ATTRIBUTES = (Weak, ); }; };
/* End PBXBuildFile section */

/* Begin PBXContainerItemProxy section */
		33D9FF341B8BC72600A9CD4D /* PBXContainerItemProxy */ = {
			isa = PBXContainerItemProxy;
			containerPortal = 33D9FF1F1B8BC72500A9CD4D /* Project object */;
			proxyType = 1;
			remoteGlobalIDString = 33D9FF271B8BC72500A9CD4D;
			remoteInfo = MPXSelectionCore;
		};
		33D9FFD61B8BD32500A9CD4D /* PBXContainerItemProxy */ = {
			isa = PBXContainerItemProxy;
			containerPortal = 33D9FFD11B8BD32500A9CD4D /* MPXFoundation.xcodeproj */;
			proxyType = 2;
			remoteGlobalIDString = 33D9FFA61B8BD24200A9CD4D;
			remoteInfo = MPXFoundation;
		};
		33D9FFD81B8BD32500A9CD4D /* PBXContainerItemProxy */ = {
			isa = PBXContainerItemProxy;
			containerPortal = 33D9FFD11B8BD32500A9CD4D /* MPXFoundation.xcodeproj */;
			proxyType = 2;
			remoteGlobalIDString = 33D9FFB01B8BD24200A9CD4D;
			remoteInfo = MPXFoundationTests;
		};
		33D9FFDA1B8BD32E00A9CD4D /* PBXContainerItemProxy */ = {
			isa = PBXContainerItemProxy;
			containerPortal = 33D9FFD11B8BD32500A9CD4D /* MPXFoundation.xcodeproj */;
			proxyType = 1;
			remoteGlobalIDString = 33D9FFA51B8BD24200A9CD4D;
			remoteInfo = MPXFoundation;
		};
/* End PBXContainerItemProxy section */

/* Begin PBXFileReference section */
		0129EFFE524F157D47700FDC /* Pods.debug.xcconfig */ = {isa = PBXFileReference; includeInIndex = 1; lastKnownFileType = text.xcconfig; name = Pods.debug.xcconfig; path = "Pods/Target Support Files/Pods/Pods.debug.xcconfig"; sourceTree = "<group>"; };
		336CDE551B8BDE680046D6AB /* libextobjc.framework */ = {isa = PBXFileReference; lastKnownFileType = wrapper.framework; name = libextobjc.framework; path = "../../../../Library/Developer/Xcode/DerivedData/Multiplex-afagjbxtmzslnhfabrmdrnazxzmq/Build/Products/Debug/libextobjc.framework"; sourceTree = "<group>"; };
		336CDE561B8BDE680046D6AB /* ReactiveCocoa.framework */ = {isa = PBXFileReference; lastKnownFileType = wrapper.framework; name = ReactiveCocoa.framework; path = "../../../../Library/Developer/Xcode/DerivedData/Multiplex-afagjbxtmzslnhfabrmdrnazxzmq/Build/Products/Debug/ReactiveCocoa.framework"; sourceTree = "<group>"; };
		338A237B1B8BD4B800CC6C1F /* Pods.framework */ = {isa = PBXFileReference; lastKnownFileType = wrapper.framework; name = Pods.framework; path = "../../../../Library/Developer/Xcode/DerivedData/Multiplex-afagjbxtmzslnhfabrmdrnazxzmq/Build/Products/Debug/Pods.framework"; sourceTree = "<group>"; };
		33D9FF281B8BC72500A9CD4D /* MPXSelectionCore.framework */ = {isa = PBXFileReference; explicitFileType = wrapper.framework; includeInIndex = 0; path = MPXSelectionCore.framework; sourceTree = BUILT_PRODUCTS_DIR; };
		33D9FF2D1B8BC72500A9CD4D /* Info.plist */ = {isa = PBXFileReference; lastKnownFileType = text.plist.xml; path = Info.plist; sourceTree = "<group>"; };
		33D9FF321B8BC72600A9CD4D /* MPXSelectionCoreTests.xctest */ = {isa = PBXFileReference; explicitFileType = wrapper.cfbundle; includeInIndex = 0; path = MPXSelectionCoreTests.xctest; sourceTree = BUILT_PRODUCTS_DIR; };
		33D9FF371B8BC72600A9CD4D /* MPXSelectionManagerTests.m */ = {isa = PBXFileReference; lastKnownFileType = sourcecode.c.objc; path = MPXSelectionManagerTests.m; sourceTree = "<group>"; };
		33D9FF391B8BC72600A9CD4D /* Info.plist */ = {isa = PBXFileReference; lastKnownFileType = text.plist.xml; path = Info.plist; sourceTree = "<group>"; };
		33D9FF591B8BCD7C00A9CD4D /* MPXTextViewSelectionDecorator.h */ = {isa = PBXFileReference; fileEncoding = 4; lastKnownFileType = sourcecode.c.h; path = MPXTextViewSelectionDecorator.h; sourceTree = "<group>"; };
		33D9FF5A1B8BCD7C00A9CD4D /* MPXTextViewSelectionDecorator.m */ = {isa = PBXFileReference; fileEncoding = 4; lastKnownFileType = sourcecode.c.objc; path = MPXTextViewSelectionDecorator.m; sourceTree = "<group>"; };
		33D9FF5B1B8BCD7C00A9CD4D /* MPXSelectionManager.h */ = {isa = PBXFileReference; fileEncoding = 4; lastKnownFileType = sourcecode.c.h; path = MPXSelectionManager.h; sourceTree = "<group>"; };
		33D9FF5C1B8BCD7C00A9CD4D /* MPXSelectionManager.m */ = {isa = PBXFileReference; fileEncoding = 4; lastKnownFileType = sourcecode.c.objc; path = MPXSelectionManager.m; sourceTree = "<group>"; };
		33D9FF5D1B8BCD7C00A9CD4D /* MPXSelection.h */ = {isa = PBXFileReference; fileEncoding = 4; lastKnownFileType = sourcecode.c.h; path = MPXSelection.h; sourceTree = "<group>"; };
		33D9FF5E1B8BCD7C00A9CD4D /* MPXSelection.m */ = {isa = PBXFileReference; fileEncoding = 4; lastKnownFileType = sourcecode.c.objc; path = MPXSelection.m; sourceTree = "<group>"; };
		33D9FF991B8BD16A00A9CD4D /* MPXSelectionCore.h */ = {isa = PBXFileReference; fileEncoding = 4; lastKnownFileType = sourcecode.c.h; path = MPXSelectionCore.h; sourceTree = "<group>"; };
		33D9FF9B1B8BD1DC00A9CD4D /* MPXSelectionCore-Prefix.pch */ = {isa = PBXFileReference; lastKnownFileType = sourcecode.c.h; path = "MPXSelectionCore-Prefix.pch"; sourceTree = "<group>"; };
		33D9FFD11B8BD32500A9CD4D /* MPXFoundation.xcodeproj */ = {isa = PBXFileReference; lastKnownFileType = "wrapper.pb-project"; name = MPXFoundation.xcodeproj; path = ../MPXFoundation/MPXFoundation.xcodeproj; sourceTree = "<group>"; };
		548BCA5EDDFDA46746627663 /* Pods.framework */ = {isa = PBXFileReference; explicitFileType = wrapper.framework; includeInIndex = 0; path = Pods.framework; sourceTree = BUILT_PRODUCTS_DIR; };
		CEF91527415022A9010F9EEA /* Pods.release.xcconfig */ = {isa = PBXFileReference; includeInIndex = 1; lastKnownFileType = text.xcconfig; name = Pods.release.xcconfig; path = "Pods/Target Support Files/Pods/Pods.release.xcconfig"; sourceTree = "<group>"; };
/* End PBXFileReference section */

/* Begin PBXFrameworksBuildPhase section */
		33D9FF241B8BC72500A9CD4D /* Frameworks */ = {
			isa = PBXFrameworksBuildPhase;
			buildActionMask = 2147483647;
			files = (
				336CDE581B8BDE680046D6AB /* ReactiveCocoa.framework in Frameworks */,
				7D5C1235CC092E474924A045 /* Pods.framework in Frameworks */,
			);
			runOnlyForDeploymentPostprocessing = 0;
		};
		33D9FF2F1B8BC72600A9CD4D /* Frameworks */ = {
			isa = PBXFrameworksBuildPhase;
			buildActionMask = 2147483647;
			files = (
				33D9FF331B8BC72600A9CD4D /* MPXSelectionCore.framework in Frameworks */,
			);
			runOnlyForDeploymentPostprocessing = 0;
		};
/* End PBXFrameworksBuildPhase section */

/* Begin PBXGroup section */
		14A9D2B986EADC596418901E /* Pods */ = {
			isa = PBXGroup;
			children = (
				0129EFFE524F157D47700FDC /* Pods.debug.xcconfig */,
				CEF91527415022A9010F9EEA /* Pods.release.xcconfig */,
			);
			name = Pods;
			sourceTree = "<group>";
		};
		338A237E1B8BD4BC00CC6C1F /* Frameworks */ = {
			isa = PBXGroup;
			children = (
				336CDE551B8BDE680046D6AB /* libextobjc.framework */,
				336CDE561B8BDE680046D6AB /* ReactiveCocoa.framework */,
				33D9FFD11B8BD32500A9CD4D /* MPXFoundation.xcodeproj */,
				338A237B1B8BD4B800CC6C1F /* Pods.framework */,
				548BCA5EDDFDA46746627663 /* Pods.framework */,
			);
			name = Frameworks;
			sourceTree = "<group>";
		};
		33D9FF1E1B8BC72500A9CD4D = {
			isa = PBXGroup;
			children = (
				338A237E1B8BD4BC00CC6C1F /* Frameworks */,
				33D9FF2A1B8BC72500A9CD4D /* MPXSelectionCore */,
				33D9FF361B8BC72600A9CD4D /* MPXSelectionCoreTests */,
				33D9FF291B8BC72500A9CD4D /* Products */,
				14A9D2B986EADC596418901E /* Pods */,
			);
			sourceTree = "<group>";
		};
		33D9FF291B8BC72500A9CD4D /* Products */ = {
			isa = PBXGroup;
			children = (
				33D9FF281B8BC72500A9CD4D /* MPXSelectionCore.framework */,
				33D9FF321B8BC72600A9CD4D /* MPXSelectionCoreTests.xctest */,
			);
			name = Products;
			sourceTree = "<group>";
		};
		33D9FF2A1B8BC72500A9CD4D /* MPXSelectionCore */ = {
			isa = PBXGroup;
			children = (
				33D9FF2D1B8BC72500A9CD4D /* Info.plist */,
				33D9FF5D1B8BCD7C00A9CD4D /* MPXSelection.h */,
				33D9FF5E1B8BCD7C00A9CD4D /* MPXSelection.m */,
				33D9FF9B1B8BD1DC00A9CD4D /* MPXSelectionCore-Prefix.pch */,
				33D9FF991B8BD16A00A9CD4D /* MPXSelectionCore.h */,
				33D9FF5B1B8BCD7C00A9CD4D /* MPXSelectionManager.h */,
				33D9FF5C1B8BCD7C00A9CD4D /* MPXSelectionManager.m */,
				33D9FF591B8BCD7C00A9CD4D /* MPXTextViewSelectionDecorator.h */,
				33D9FF5A1B8BCD7C00A9CD4D /* MPXTextViewSelectionDecorator.m */,
			);
			path = MPXSelectionCore;
			sourceTree = "<group>";
		};
		33D9FF361B8BC72600A9CD4D /* MPXSelectionCoreTests */ = {
			isa = PBXGroup;
			children = (
				33D9FF391B8BC72600A9CD4D /* Info.plist */,
				33D9FF371B8BC72600A9CD4D /* MPXSelectionManagerTests.m */,
			);
			path = MPXSelectionCoreTests;
			sourceTree = "<group>";
		};
		33D9FFD21B8BD32500A9CD4D /* Products */ = {
			isa = PBXGroup;
			children = (
				33D9FFD71B8BD32500A9CD4D /* MPXFoundation.framework */,
				33D9FFD91B8BD32500A9CD4D /* MPXFoundationTests.xctest */,
			);
			name = Products;
			sourceTree = "<group>";
		};
/* End PBXGroup section */

/* Begin PBXHeadersBuildPhase section */
		33D9FF251B8BC72500A9CD4D /* Headers */ = {
			isa = PBXHeadersBuildPhase;
			buildActionMask = 2147483647;
			files = (
				33D9FF9A1B8BD16A00A9CD4D /* MPXSelectionCore.h in Headers */,
				33D9FF5F1B8BCD7C00A9CD4D /* MPXTextViewSelectionDecorator.h in Headers */,
				33D9FF611B8BCD7C00A9CD4D /* MPXSelectionManager.h in Headers */,
				33D9FF631B8BCD7C00A9CD4D /* MPXSelection.h in Headers */,
			);
			runOnlyForDeploymentPostprocessing = 0;
		};
/* End PBXHeadersBuildPhase section */

/* Begin PBXNativeTarget section */
		33D9FF271B8BC72500A9CD4D /* MPXSelectionCore */ = {
			isa = PBXNativeTarget;
			buildConfigurationList = 33D9FF3C1B8BC72600A9CD4D /* Build configuration list for PBXNativeTarget "MPXSelectionCore" */;
			buildPhases = (
				45D7040C5426F99DC2507AD0 /* Check Pods Manifest.lock */,
				33D9FF231B8BC72500A9CD4D /* Sources */,
				33D9FF241B8BC72500A9CD4D /* Frameworks */,
				33D9FF251B8BC72500A9CD4D /* Headers */,
				33D9FF261B8BC72500A9CD4D /* Resources */,
				F08369C60660FC30D38AD079 /* Copy Pods Resources */,
			);
			buildRules = (
			);
			dependencies = (
				33D9FFDB1B8BD32E00A9CD4D /* PBXTargetDependency */,
			);
			name = MPXSelectionCore;
			productName = MPXSelectionCore;
			productReference = 33D9FF281B8BC72500A9CD4D /* MPXSelectionCore.framework */;
			productType = "com.apple.product-type.framework";
		};
		33D9FF311B8BC72600A9CD4D /* MPXSelectionCoreTests */ = {
			isa = PBXNativeTarget;
			buildConfigurationList = 33D9FF3F1B8BC72600A9CD4D /* Build configuration list for PBXNativeTarget "MPXSelectionCoreTests" */;
			buildPhases = (
				33D9FF2E1B8BC72600A9CD4D /* Sources */,
				33D9FF2F1B8BC72600A9CD4D /* Frameworks */,
				33D9FF301B8BC72600A9CD4D /* Resources */,
			);
			buildRules = (
			);
			dependencies = (
				33D9FF351B8BC72600A9CD4D /* PBXTargetDependency */,
			);
			name = MPXSelectionCoreTests;
			productName = MPXSelectionCoreTests;
			productReference = 33D9FF321B8BC72600A9CD4D /* MPXSelectionCoreTests.xctest */;
			productType = "com.apple.product-type.bundle.unit-test";
		};
/* End PBXNativeTarget section */

/* Begin PBXProject section */
		33D9FF1F1B8BC72500A9CD4D /* Project object */ = {
			isa = PBXProject;
			attributes = {
				LastUpgradeCheck = 0700;
				ORGANIZATIONNAME = "Kolin Krewinkel";
				TargetAttributes = {
					33D9FF271B8BC72500A9CD4D = {
						CreatedOnToolsVersion = 7.0;
					};
					33D9FF311B8BC72600A9CD4D = {
						CreatedOnToolsVersion = 7.0;
					};
				};
			};
			buildConfigurationList = 33D9FF221B8BC72500A9CD4D /* Build configuration list for PBXProject "MPXSelectionCore" */;
			compatibilityVersion = "Xcode 3.2";
			developmentRegion = English;
			hasScannedForEncodings = 0;
			knownRegions = (
				en,
			);
			mainGroup = 33D9FF1E1B8BC72500A9CD4D;
			productRefGroup = 33D9FF291B8BC72500A9CD4D /* Products */;
			projectDirPath = "";
			projectReferences = (
				{
					ProductGroup = 33D9FFD21B8BD32500A9CD4D /* Products */;
					ProjectRef = 33D9FFD11B8BD32500A9CD4D /* MPXFoundation.xcodeproj */;
				},
			);
			projectRoot = "";
			targets = (
				33D9FF271B8BC72500A9CD4D /* MPXSelectionCore */,
				33D9FF311B8BC72600A9CD4D /* MPXSelectionCoreTests */,
			);
		};
/* End PBXProject section */

/* Begin PBXReferenceProxy section */
		33D9FFD71B8BD32500A9CD4D /* MPXFoundation.framework */ = {
			isa = PBXReferenceProxy;
			fileType = wrapper.framework;
			path = MPXFoundation.framework;
			remoteRef = 33D9FFD61B8BD32500A9CD4D /* PBXContainerItemProxy */;
			sourceTree = BUILT_PRODUCTS_DIR;
		};
		33D9FFD91B8BD32500A9CD4D /* MPXFoundationTests.xctest */ = {
			isa = PBXReferenceProxy;
			fileType = wrapper.cfbundle;
			path = MPXFoundationTests.xctest;
			remoteRef = 33D9FFD81B8BD32500A9CD4D /* PBXContainerItemProxy */;
			sourceTree = BUILT_PRODUCTS_DIR;
		};
/* End PBXReferenceProxy section */

/* Begin PBXResourcesBuildPhase section */
		33D9FF261B8BC72500A9CD4D /* Resources */ = {
			isa = PBXResourcesBuildPhase;
			buildActionMask = 2147483647;
			files = (
			);
			runOnlyForDeploymentPostprocessing = 0;
		};
		33D9FF301B8BC72600A9CD4D /* Resources */ = {
			isa = PBXResourcesBuildPhase;
			buildActionMask = 2147483647;
			files = (
			);
			runOnlyForDeploymentPostprocessing = 0;
		};
/* End PBXResourcesBuildPhase section */

/* Begin PBXShellScriptBuildPhase section */
		45D7040C5426F99DC2507AD0 /* Check Pods Manifest.lock */ = {
			isa = PBXShellScriptBuildPhase;
			buildActionMask = 2147483647;
			files = (
			);
			inputPaths = (
			);
			name = "Check Pods Manifest.lock";
			outputPaths = (
			);
			runOnlyForDeploymentPostprocessing = 0;
			shellPath = /bin/sh;
			shellScript = "diff \"${PODS_ROOT}/../Podfile.lock\" \"${PODS_ROOT}/Manifest.lock\" > /dev/null\nif [[ $? != 0 ]] ; then\n    cat << EOM\nerror: The sandbox is not in sync with the Podfile.lock. Run 'pod install' or update your CocoaPods installation.\nEOM\n    exit 1\nfi\n";
			showEnvVarsInLog = 0;
		};
		F08369C60660FC30D38AD079 /* Copy Pods Resources */ = {
			isa = PBXShellScriptBuildPhase;
			buildActionMask = 2147483647;
			files = (
			);
			inputPaths = (
			);
			name = "Copy Pods Resources";
			outputPaths = (
			);
			runOnlyForDeploymentPostprocessing = 0;
			shellPath = /bin/sh;
			shellScript = "\"${SRCROOT}/Pods/Target Support Files/Pods/Pods-resources.sh\"\n";
			showEnvVarsInLog = 0;
		};
/* End PBXShellScriptBuildPhase section */

/* Begin PBXSourcesBuildPhase section */
		33D9FF231B8BC72500A9CD4D /* Sources */ = {
			isa = PBXSourcesBuildPhase;
			buildActionMask = 2147483647;
			files = (
				33D9FF641B8BCD7C00A9CD4D /* MPXSelection.m in Sources */,
				33D9FF621B8BCD7C00A9CD4D /* MPXSelectionManager.m in Sources */,
				33D9FF601B8BCD7C00A9CD4D /* MPXTextViewSelectionDecorator.m in Sources */,
			);
			runOnlyForDeploymentPostprocessing = 0;
		};
		33D9FF2E1B8BC72600A9CD4D /* Sources */ = {
			isa = PBXSourcesBuildPhase;
			buildActionMask = 2147483647;
			files = (
				33D9FF381B8BC72600A9CD4D /* MPXSelectionManagerTests.m in Sources */,
			);
			runOnlyForDeploymentPostprocessing = 0;
		};
/* End PBXSourcesBuildPhase section */

/* Begin PBXTargetDependency section */
		33D9FF351B8BC72600A9CD4D /* PBXTargetDependency */ = {
			isa = PBXTargetDependency;
			target = 33D9FF271B8BC72500A9CD4D /* MPXSelectionCore */;
			targetProxy = 33D9FF341B8BC72600A9CD4D /* PBXContainerItemProxy */;
		};
		33D9FFDB1B8BD32E00A9CD4D /* PBXTargetDependency */ = {
			isa = PBXTargetDependency;
			name = MPXFoundation;
			targetProxy = 33D9FFDA1B8BD32E00A9CD4D /* PBXContainerItemProxy */;
		};
/* End PBXTargetDependency section */

/* Begin XCBuildConfiguration section */
		33D9FF3A1B8BC72600A9CD4D /* Debug */ = {
			isa = XCBuildConfiguration;
			buildSettings = {
				ALWAYS_SEARCH_USER_PATHS = NO;
				CLANG_CXX_LANGUAGE_STANDARD = "gnu++0x";
				CLANG_CXX_LIBRARY = "libc++";
				CLANG_ENABLE_MODULES = YES;
				CLANG_ENABLE_OBJC_ARC = YES;
				CLANG_WARN_BOOL_CONVERSION = YES;
				CLANG_WARN_CONSTANT_CONVERSION = YES;
				CLANG_WARN_DIRECT_OBJC_ISA_USAGE = YES_ERROR;
				CLANG_WARN_EMPTY_BODY = YES;
				CLANG_WARN_ENUM_CONVERSION = YES;
				CLANG_WARN_INT_CONVERSION = YES;
				CLANG_WARN_OBJC_ROOT_CLASS = YES_ERROR;
				CLANG_WARN_UNREACHABLE_CODE = YES;
				CLANG_WARN__DUPLICATE_METHOD_MATCH = YES;
				COPY_PHASE_STRIP = NO;
				CURRENT_PROJECT_VERSION = 1;
				DEBUG_INFORMATION_FORMAT = dwarf;
				ENABLE_STRICT_OBJC_MSGSEND = YES;
				ENABLE_TESTABILITY = YES;
				GCC_C_LANGUAGE_STANDARD = gnu99;
				GCC_DYNAMIC_NO_PIC = NO;
				GCC_NO_COMMON_BLOCKS = YES;
				GCC_OPTIMIZATION_LEVEL = 0;
				GCC_PREPROCESSOR_DEFINITIONS = (
					"DEBUG=1",
					"$(inherited)",
				);
				GCC_WARN_64_TO_32_BIT_CONVERSION = YES;
				GCC_WARN_ABOUT_RETURN_TYPE = YES_ERROR;
				GCC_WARN_UNDECLARED_SELECTOR = YES;
				GCC_WARN_UNINITIALIZED_AUTOS = YES_AGGRESSIVE;
				GCC_WARN_UNUSED_FUNCTION = YES;
				GCC_WARN_UNUSED_VARIABLE = YES;
				MACOSX_DEPLOYMENT_TARGET = 10.11;
				MTL_ENABLE_DEBUG_INFO = YES;
				ONLY_ACTIVE_ARCH = YES;
				SDKROOT = macosx;
				VERSIONING_SYSTEM = "apple-generic";
				VERSION_INFO_PREFIX = "";
			};
			name = Debug;
		};
		33D9FF3B1B8BC72600A9CD4D /* Release */ = {
			isa = XCBuildConfiguration;
			buildSettings = {
				ALWAYS_SEARCH_USER_PATHS = NO;
				CLANG_CXX_LANGUAGE_STANDARD = "gnu++0x";
				CLANG_CXX_LIBRARY = "libc++";
				CLANG_ENABLE_MODULES = YES;
				CLANG_ENABLE_OBJC_ARC = YES;
				CLANG_WARN_BOOL_CONVERSION = YES;
				CLANG_WARN_CONSTANT_CONVERSION = YES;
				CLANG_WARN_DIRECT_OBJC_ISA_USAGE = YES_ERROR;
				CLANG_WARN_EMPTY_BODY = YES;
				CLANG_WARN_ENUM_CONVERSION = YES;
				CLANG_WARN_INT_CONVERSION = YES;
				CLANG_WARN_OBJC_ROOT_CLASS = YES_ERROR;
				CLANG_WARN_UNREACHABLE_CODE = YES;
				CLANG_WARN__DUPLICATE_METHOD_MATCH = YES;
				COPY_PHASE_STRIP = NO;
				CURRENT_PROJECT_VERSION = 1;
				DEBUG_INFORMATION_FORMAT = "dwarf-with-dsym";
				ENABLE_NS_ASSERTIONS = NO;
				ENABLE_STRICT_OBJC_MSGSEND = YES;
				GCC_C_LANGUAGE_STANDARD = gnu99;
				GCC_NO_COMMON_BLOCKS = YES;
				GCC_WARN_64_TO_32_BIT_CONVERSION = YES;
				GCC_WARN_ABOUT_RETURN_TYPE = YES_ERROR;
				GCC_WARN_UNDECLARED_SELECTOR = YES;
				GCC_WARN_UNINITIALIZED_AUTOS = YES_AGGRESSIVE;
				GCC_WARN_UNUSED_FUNCTION = YES;
				GCC_WARN_UNUSED_VARIABLE = YES;
				MACOSX_DEPLOYMENT_TARGET = 10.11;
				MTL_ENABLE_DEBUG_INFO = NO;
				SDKROOT = macosx;
				VERSIONING_SYSTEM = "apple-generic";
				VERSION_INFO_PREFIX = "";
			};
			name = Release;
		};
		33D9FF3D1B8BC72600A9CD4D /* Debug */ = {
			isa = XCBuildConfiguration;
			baseConfigurationReference = 0129EFFE524F157D47700FDC /* Pods.debug.xcconfig */;
			buildSettings = {
				COMBINE_HIDPI_IMAGES = YES;
				DEFINES_MODULE = YES;
				DYLIB_COMPATIBILITY_VERSION = 1;
				DYLIB_CURRENT_VERSION = 1;
				DYLIB_INSTALL_NAME_BASE = "@rpath";
				FRAMEWORK_VERSION = A;
				GCC_PRECOMPILE_PREFIX_HEADER = YES;
				GCC_PREFIX_HEADER = "$(PROJECT_DIR)/$(TARGET_NAME)/$(TARGET_NAME)-Prefix.pch";
				HEADER_SEARCH_PATHS = "$(PROJECT_DIR)/../IDEHeaders/IDEHeaders";
				INFOPLIST_FILE = MPXSelectionCore/Info.plist;
				INSTALL_PATH = "$(LOCAL_LIBRARY_DIR)/Frameworks";
				LD_RUNPATH_SEARCH_PATHS = "$(inherited) @executable_path/../Frameworks @loader_path/Frameworks";
				OTHER_CFLAGS = (
					"-isystem",
					"$(PROJECT_DIR)/../IDEHeaders/IDEHeaders/",
				);
				OTHER_LDFLAGS = "";
				PRODUCT_BUNDLE_IDENTIFIER = com.kolinkrewinkel.MPXSelectionCore;
				PRODUCT_NAME = "$(TARGET_NAME)";
				SKIP_INSTALL = YES;
			};
			name = Debug;
		};
		33D9FF3E1B8BC72600A9CD4D /* Release */ = {
			isa = XCBuildConfiguration;
			baseConfigurationReference = CEF91527415022A9010F9EEA /* Pods.release.xcconfig */;
			buildSettings = {
				COMBINE_HIDPI_IMAGES = YES;
				DEFINES_MODULE = YES;
				DYLIB_COMPATIBILITY_VERSION = 1;
				DYLIB_CURRENT_VERSION = 1;
				DYLIB_INSTALL_NAME_BASE = "@rpath";
				FRAMEWORK_VERSION = A;
				GCC_PRECOMPILE_PREFIX_HEADER = YES;
				GCC_PREFIX_HEADER = "$(PROJECT_DIR)/$(TARGET_NAME)/$(TARGET_NAME)-Prefix.pch";
				HEADER_SEARCH_PATHS = "$(PROJECT_DIR)/../IDEHeaders/IDEHeaders";
				INFOPLIST_FILE = MPXSelectionCore/Info.plist;
				INSTALL_PATH = "$(LOCAL_LIBRARY_DIR)/Frameworks";
				LD_RUNPATH_SEARCH_PATHS = "$(inherited) @executable_path/../Frameworks @loader_path/Frameworks";
				OTHER_CFLAGS = (
					"-isystem",
					"$(PROJECT_DIR)/../IDEHeaders/IDEHeaders/",
				);
				OTHER_LDFLAGS = "";
				PRODUCT_BUNDLE_IDENTIFIER = com.kolinkrewinkel.MPXSelectionCore;
				PRODUCT_NAME = "$(TARGET_NAME)";
				SKIP_INSTALL = YES;
			};
			name = Release;
		};
		33D9FF401B8BC72600A9CD4D /* Debug */ = {
			isa = XCBuildConfiguration;
			buildSettings = {
				COMBINE_HIDPI_IMAGES = YES;
				INFOPLIST_FILE = MPXSelectionCoreTests/Info.plist;
				LD_RUNPATH_SEARCH_PATHS = "$(inherited) @executable_path/../Frameworks @loader_path/../Frameworks";
				PRODUCT_BUNDLE_IDENTIFIER = com.kolinkrewinkel.MPXSelectionCoreTests;
				PRODUCT_NAME = "$(TARGET_NAME)";
			};
			name = Debug;
		};
		33D9FF411B8BC72600A9CD4D /* Release */ = {
			isa = XCBuildConfiguration;
			buildSettings = {
				COMBINE_HIDPI_IMAGES = YES;
				INFOPLIST_FILE = MPXSelectionCoreTests/Info.plist;
				LD_RUNPATH_SEARCH_PATHS = "$(inherited) @executable_path/../Frameworks @loader_path/../Frameworks";
				PRODUCT_BUNDLE_IDENTIFIER = com.kolinkrewinkel.MPXSelectionCoreTests;
				PRODUCT_NAME = "$(TARGET_NAME)";
			};
			name = Release;
		};
/* End XCBuildConfiguration section */

/* Begin XCConfigurationList section */
		33D9FF221B8BC72500A9CD4D /* Build configuration list for PBXProject "MPXSelectionCore" */ = {
			isa = XCConfigurationList;
			buildConfigurations = (
				33D9FF3A1B8BC72600A9CD4D /* Debug */,
				33D9FF3B1B8BC72600A9CD4D /* Release */,
			);
			defaultConfigurationIsVisible = 0;
			defaultConfigurationName = Release;
		};
		33D9FF3C1B8BC72600A9CD4D /* Build configuration list for PBXNativeTarget "MPXSelectionCore" */ = {
			isa = XCConfigurationList;
			buildConfigurations = (
				33D9FF3D1B8BC72600A9CD4D /* Debug */,
				33D9FF3E1B8BC72600A9CD4D /* Release */,
			);
			defaultConfigurationIsVisible = 0;
			defaultConfigurationName = Release;
		};
		33D9FF3F1B8BC72600A9CD4D /* Build configuration list for PBXNativeTarget "MPXSelectionCoreTests" */ = {
			isa = XCConfigurationList;
			buildConfigurations = (
				33D9FF401B8BC72600A9CD4D /* Debug */,
				33D9FF411B8BC72600A9CD4D /* Release */,
			);
			defaultConfigurationIsVisible = 0;
			defaultConfigurationName = Release;
		};
/* End XCConfigurationList section */
	};
	rootObject = 33D9FF1F1B8BC72500A9CD4D /* Project object */;
}
